
Microsoft Visual Studio Solution File, Format Version 12.00
Project("{FAE04EC0-301F-11D3-BF4B-00C04F79EFBC}") = "CsharpierRiderPluginRepro", "CsharpierRiderPluginRepro\CsharpierRiderPluginRepro.csproj", "{B3D1BC4D-7708-43E2-BAF7-8C945831969B}"
EndProject
Global
	GlobalSection(SolutionConfigurationPlatforms) = preSolution
		Debug|Any CPU = Debug|Any CPU
		Release|Any CPU = Release|Any CPU
	EndGlobalSection
	GlobalSection(ProjectConfigurationPlatforms) = postSolution
		{B3D1BC4D-7708-43E2-BAF7-8C945831969B}.Debug|Any CPU.ActiveCfg = Debug|Any CPU
		{B3D1BC4D-7708-43E2-BAF7-8C945831969B}.Debug|Any CPU.Build.0 = Debug|Any CPU
		{B3D1BC4D-7708-43E2-BAF7-8C945831969B}.Release|Any CPU.ActiveCfg = Release|Any CPU
		{B3D1BC4D-7708-43E2-BAF7-8C945831969B}.Release|Any CPU.Build.0 = Release|Any CPU
	EndGlobalSection
EndGlobal
